// !$*UTF8*$!
{
	archiveVersion = 1;
	classes = {
	};
	objectVersion = 55;
	objects = {

/* Begin PBXBuildFile section */
		E33D510327EDAB18005A5379 /* HyperClientApp.swift in Sources */ = {isa = PBXBuildFile; fileRef = E33D50F327EDAB18005A5379 /* HyperClientApp.swift */; };
		E33D510427EDAB18005A5379 /* HyperClientApp.swift in Sources */ = {isa = PBXBuildFile; fileRef = E33D50F327EDAB18005A5379 /* HyperClientApp.swift */; };
		E33D510527EDAB18005A5379 /* ClientView.swift in Sources */ = {isa = PBXBuildFile; fileRef = E33D50F427EDAB18005A5379 /* ClientView.swift */; };
		E33D510627EDAB18005A5379 /* ClientView.swift in Sources */ = {isa = PBXBuildFile; fileRef = E33D50F427EDAB18005A5379 /* ClientView.swift */; };
		E33D510727EDAB18005A5379 /* Assets.xcassets in Resources */ = {isa = PBXBuildFile; fileRef = E33D50F527EDAB18005A5379 /* Assets.xcassets */; };
		E33D510827EDAB18005A5379 /* Assets.xcassets in Resources */ = {isa = PBXBuildFile; fileRef = E33D50F527EDAB18005A5379 /* Assets.xcassets */; };
		E364C80327F5549900CF1B74 /* CreateEntryView.swift in Sources */ = {isa = PBXBuildFile; fileRef = E364C80227F5549900CF1B74 /* CreateEntryView.swift */; };
		E364C80427F5549900CF1B74 /* CreateEntryView.swift in Sources */ = {isa = PBXBuildFile; fileRef = E364C80227F5549900CF1B74 /* CreateEntryView.swift */; };
		E36528BD27F94A4E00EEF0E4 /* Alamofire in Frameworks */ = {isa = PBXBuildFile; productRef = E36528BC27F94A4E00EEF0E4 /* Alamofire */; };
		E36528C027F94B7100EEF0E4 /* Logging in Frameworks */ = {isa = PBXBuildFile; productRef = E36528BF27F94B7100EEF0E4 /* Logging */; };
		E36528C227FA817E00EEF0E4 /* ImageHandler.swift in Sources */ = {isa = PBXBuildFile; fileRef = E36528C127FA817E00EEF0E4 /* ImageHandler.swift */; };
		E36528C327FA817E00EEF0E4 /* ImageHandler.swift in Sources */ = {isa = PBXBuildFile; fileRef = E36528C127FA817E00EEF0E4 /* ImageHandler.swift */; };
		E368D04827F3265600D2CD46 /* Utility.swift in Sources */ = {isa = PBXBuildFile; fileRef = E368D04727F3265600D2CD46 /* Utility.swift */; };
		E368D04927F3265600D2CD46 /* Utility.swift in Sources */ = {isa = PBXBuildFile; fileRef = E368D04727F3265600D2CD46 /* Utility.swift */; };
		E368D04E27F3525C00D2CD46 /* ClientViewModel.swift in Sources */ = {isa = PBXBuildFile; fileRef = E368D04D27F3525C00D2CD46 /* ClientViewModel.swift */; };
		E368D04F27F3525C00D2CD46 /* ClientViewModel.swift in Sources */ = {isa = PBXBuildFile; fileRef = E368D04D27F3525C00D2CD46 /* ClientViewModel.swift */; };
		E368D05C27F45A6100D2CD46 /* DataDetailView.swift in Sources */ = {isa = PBXBuildFile; fileRef = E368D05B27F45A6100D2CD46 /* DataDetailView.swift */; };
		E3B9234D27F191020098FAED /* HyperClient.swift in Sources */ = {isa = PBXBuildFile; fileRef = E3B9234C27F191020098FAED /* HyperClient.swift */; };
		E3B9234E27F191020098FAED /* HyperClient.swift in Sources */ = {isa = PBXBuildFile; fileRef = E3B9234C27F191020098FAED /* HyperClient.swift */; };
		E3B9235327F192060098FAED /* LoginView.swift in Sources */ = {isa = PBXBuildFile; fileRef = E3B9235227F192060098FAED /* LoginView.swift */; };
		E3B9235427F192060098FAED /* LoginView.swift in Sources */ = {isa = PBXBuildFile; fileRef = E3B9235227F192060098FAED /* LoginView.swift */; };
		E3B9235627F19D250098FAED /* Authentication.swift in Sources */ = {isa = PBXBuildFile; fileRef = E3B9235527F19D250098FAED /* Authentication.swift */; };
		E3B9235727F19D250098FAED /* Authentication.swift in Sources */ = {isa = PBXBuildFile; fileRef = E3B9235527F19D250098FAED /* Authentication.swift */; };
/* End PBXBuildFile section */

/* Begin PBXFileReference section */
		E33D50F327EDAB18005A5379 /* HyperClientApp.swift */ = {isa = PBXFileReference; lastKnownFileType = sourcecode.swift; path = HyperClientApp.swift; sourceTree = "<group>"; };
		E33D50F427EDAB18005A5379 /* ClientView.swift */ = {isa = PBXFileReference; lastKnownFileType = sourcecode.swift; path = ClientView.swift; sourceTree = "<group>"; };
		E33D50F527EDAB18005A5379 /* Assets.xcassets */ = {isa = PBXFileReference; lastKnownFileType = folder.assetcatalog; path = Assets.xcassets; sourceTree = "<group>"; };
		E33D50FA27EDAB18005A5379 /* HyperClient.app */ = {isa = PBXFileReference; explicitFileType = wrapper.application; includeInIndex = 0; path = HyperClient.app; sourceTree = BUILT_PRODUCTS_DIR; };
		E33D510027EDAB18005A5379 /* HyperClient.app */ = {isa = PBXFileReference; explicitFileType = wrapper.application; includeInIndex = 0; path = HyperClient.app; sourceTree = BUILT_PRODUCTS_DIR; };
		E364C80227F5549900CF1B74 /* CreateEntryView.swift */ = {isa = PBXFileReference; lastKnownFileType = sourcecode.swift; path = CreateEntryView.swift; sourceTree = "<group>"; };
		E36528C127FA817E00EEF0E4 /* ImageHandler.swift */ = {isa = PBXFileReference; lastKnownFileType = sourcecode.swift; path = ImageHandler.swift; sourceTree = "<group>"; };
		E368D04727F3265600D2CD46 /* Utility.swift */ = {isa = PBXFileReference; lastKnownFileType = sourcecode.swift; path = Utility.swift; sourceTree = "<group>"; };
		E368D04D27F3525C00D2CD46 /* ClientViewModel.swift */ = {isa = PBXFileReference; lastKnownFileType = sourcecode.swift; path = ClientViewModel.swift; sourceTree = "<group>"; };
		E368D05B27F45A6100D2CD46 /* DataDetailView.swift */ = {isa = PBXFileReference; lastKnownFileType = sourcecode.swift; path = DataDetailView.swift; sourceTree = "<group>"; };
		E3B9234C27F191020098FAED /* HyperClient.swift */ = {isa = PBXFileReference; lastKnownFileType = sourcecode.swift; path = HyperClient.swift; sourceTree = "<group>"; };
		E3B9235227F192060098FAED /* LoginView.swift */ = {isa = PBXFileReference; lastKnownFileType = sourcecode.swift; path = LoginView.swift; sourceTree = "<group>"; };
		E3B9235527F19D250098FAED /* Authentication.swift */ = {isa = PBXFileReference; lastKnownFileType = sourcecode.swift; path = Authentication.swift; sourceTree = "<group>"; };
/* End PBXFileReference section */

/* Begin PBXFrameworksBuildPhase section */
		E33D50F727EDAB18005A5379 /* Frameworks */ = {
			isa = PBXFrameworksBuildPhase;
			buildActionMask = 2147483647;
			files = (
				E36528C027F94B7100EEF0E4 /* Logging in Frameworks */,
				E36528BD27F94A4E00EEF0E4 /* Alamofire in Frameworks */,
			);
			runOnlyForDeploymentPostprocessing = 0;
		};
		E33D50FD27EDAB18005A5379 /* Frameworks */ = {
			isa = PBXFrameworksBuildPhase;
			buildActionMask = 2147483647;
			files = (
			);
			runOnlyForDeploymentPostprocessing = 0;
		};
/* End PBXFrameworksBuildPhase section */

/* Begin PBXGroup section */
		E33D50ED27EDAB17005A5379 = {
			isa = PBXGroup;
			children = (
				E33D50F227EDAB18005A5379 /* Shared */,
				E33D50FB27EDAB18005A5379 /* Products */,
			);
			sourceTree = "<group>";
		};
		E33D50F227EDAB18005A5379 /* Shared */ = {
			isa = PBXGroup;
			children = (
				E33D50F327EDAB18005A5379 /* HyperClientApp.swift */,
				E33D50F427EDAB18005A5379 /* ClientView.swift */,
				E364C80227F5549900CF1B74 /* CreateEntryView.swift */,
				E368D05B27F45A6100D2CD46 /* DataDetailView.swift */,
				E368D04D27F3525C00D2CD46 /* ClientViewModel.swift */,
				E3B9235227F192060098FAED /* LoginView.swift */,
				E33D50F527EDAB18005A5379 /* Assets.xcassets */,
				E3B9234C27F191020098FAED /* HyperClient.swift */,
				E3B9235527F19D250098FAED /* Authentication.swift */,
				E368D04727F3265600D2CD46 /* Utility.swift */,
				E36528C127FA817E00EEF0E4 /* ImageHandler.swift */,
			);
			path = Shared;
			sourceTree = "<group>";
		};
		E33D50FB27EDAB18005A5379 /* Products */ = {
			isa = PBXGroup;
			children = (
				E33D50FA27EDAB18005A5379 /* HyperClient.app */,
				E33D510027EDAB18005A5379 /* HyperClient.app */,
			);
			name = Products;
			sourceTree = "<group>";
		};
/* End PBXGroup section */

/* Begin PBXNativeTarget section */
		E33D50F927EDAB18005A5379 /* HyperClient (iOS) */ = {
			isa = PBXNativeTarget;
			buildConfigurationList = E33D510B27EDAB18005A5379 /* Build configuration list for PBXNativeTarget "HyperClient (iOS)" */;
			buildPhases = (
				E33D50F627EDAB18005A5379 /* Sources */,
				E33D50F727EDAB18005A5379 /* Frameworks */,
				E33D50F827EDAB18005A5379 /* Resources */,
			);
			buildRules = (
			);
			dependencies = (
			);
			name = "HyperClient (iOS)";
			packageProductDependencies = (
				E36528BC27F94A4E00EEF0E4 /* Alamofire */,
				E36528BF27F94B7100EEF0E4 /* Logging */,
			);
			productName = "HyperClient (iOS)";
			productReference = E33D50FA27EDAB18005A5379 /* HyperClient.app */;
			productType = "com.apple.product-type.application";
		};
		E33D50FF27EDAB18005A5379 /* HyperClient (macOS) */ = {
			isa = PBXNativeTarget;
			buildConfigurationList = E33D510E27EDAB18005A5379 /* Build configuration list for PBXNativeTarget "HyperClient (macOS)" */;
			buildPhases = (
				E33D50FC27EDAB18005A5379 /* Sources */,
				E33D50FD27EDAB18005A5379 /* Frameworks */,
				E33D50FE27EDAB18005A5379 /* Resources */,
			);
			buildRules = (
			);
			dependencies = (
			);
			name = "HyperClient (macOS)";
			productName = "HyperClient (macOS)";
			productReference = E33D510027EDAB18005A5379 /* HyperClient.app */;
			productType = "com.apple.product-type.application";
		};
/* End PBXNativeTarget section */

/* Begin PBXProject section */
		E33D50EE27EDAB18005A5379 /* Project object */ = {
			isa = PBXProject;
			attributes = {
				BuildIndependentTargetsInParallel = 1;
				LastSwiftUpdateCheck = 1330;
				LastUpgradeCheck = 1330;
				TargetAttributes = {
					E33D50F927EDAB18005A5379 = {
						CreatedOnToolsVersion = 13.3;
					};
					E33D50FF27EDAB18005A5379 = {
						CreatedOnToolsVersion = 13.3;
					};
				};
			};
			buildConfigurationList = E33D50F127EDAB18005A5379 /* Build configuration list for PBXProject "HyperClient" */;
			compatibilityVersion = "Xcode 13.0";
			developmentRegion = en;
			hasScannedForEncodings = 0;
			knownRegions = (
				en,
				Base,
			);
			mainGroup = E33D50ED27EDAB17005A5379;
			packageReferences = (
				E36528BB27F94A4E00EEF0E4 /* XCRemoteSwiftPackageReference "Alamofire" */,
				E36528BE27F94B7100EEF0E4 /* XCRemoteSwiftPackageReference "swift-log" */,
			);
			productRefGroup = E33D50FB27EDAB18005A5379 /* Products */;
			projectDirPath = "";
			projectRoot = "";
			targets = (
				E33D50F927EDAB18005A5379 /* HyperClient (iOS) */,
				E33D50FF27EDAB18005A5379 /* HyperClient (macOS) */,
			);
		};
/* End PBXProject section */

/* Begin PBXResourcesBuildPhase section */
		E33D50F827EDAB18005A5379 /* Resources */ = {
			isa = PBXResourcesBuildPhase;
			buildActionMask = 2147483647;
			files = (
				E33D510727EDAB18005A5379 /* Assets.xcassets in Resources */,
			);
			runOnlyForDeploymentPostprocessing = 0;
		};
		E33D50FE27EDAB18005A5379 /* Resources */ = {
			isa = PBXResourcesBuildPhase;
			buildActionMask = 2147483647;
			files = (
				E33D510827EDAB18005A5379 /* Assets.xcassets in Resources */,
			);
			runOnlyForDeploymentPostprocessing = 0;
		};
/* End PBXResourcesBuildPhase section */

/* Begin PBXSourcesBuildPhase section */
		E33D50F627EDAB18005A5379 /* Sources */ = {
			isa = PBXSourcesBuildPhase;
			buildActionMask = 2147483647;
			files = (
				E36528C227FA817E00EEF0E4 /* ImageHandler.swift in Sources */,
				E368D04827F3265600D2CD46 /* Utility.swift in Sources */,
				E33D510527EDAB18005A5379 /* ClientView.swift in Sources */,
				E33D510327EDAB18005A5379 /* HyperClientApp.swift in Sources */,
				E368D04E27F3525C00D2CD46 /* ClientViewModel.swift in Sources */,
				E3B9235327F192060098FAED /* LoginView.swift in Sources */,
				E364C80327F5549900CF1B74 /* CreateEntryView.swift in Sources */,
				E3B9234D27F191020098FAED /* HyperClient.swift in Sources */,
				E3B9235627F19D250098FAED /* Authentication.swift in Sources */,
				E368D05C27F45A6100D2CD46 /* DataDetailView.swift in Sources */,
			);
			runOnlyForDeploymentPostprocessing = 0;
		};
		E33D50FC27EDAB18005A5379 /* Sources */ = {
			isa = PBXSourcesBuildPhase;
			buildActionMask = 2147483647;
			files = (
				E368D04927F3265600D2CD46 /* Utility.swift in Sources */,
				E364C80427F5549900CF1B74 /* CreateEntryView.swift in Sources */,
				E33D510627EDAB18005A5379 /* ClientView.swift in Sources */,
				E33D510427EDAB18005A5379 /* HyperClientApp.swift in Sources */,
				E368D04F27F3525C00D2CD46 /* ClientViewModel.swift in Sources */,
				E3B9235427F192060098FAED /* LoginView.swift in Sources */,
				E3B9234E27F191020098FAED /* HyperClient.swift in Sources */,
				E36528C327FA817E00EEF0E4 /* ImageHandler.swift in Sources */,
				E3B9235727F19D250098FAED /* Authentication.swift in Sources */,
			);
			runOnlyForDeploymentPostprocessing = 0;
		};
/* End PBXSourcesBuildPhase section */

/* Begin XCBuildConfiguration section */
		E33D510927EDAB18005A5379 /* Debug */ = {
			isa = XCBuildConfiguration;
			buildSettings = {
				ALWAYS_SEARCH_USER_PATHS = NO;
				CLANG_ANALYZER_NONNULL = YES;
				CLANG_ANALYZER_NUMBER_OBJECT_CONVERSION = YES_AGGRESSIVE;
				CLANG_CXX_LANGUAGE_STANDARD = "gnu++17";
				CLANG_ENABLE_MODULES = YES;
				CLANG_ENABLE_OBJC_ARC = YES;
				CLANG_ENABLE_OBJC_WEAK = YES;
				CLANG_WARN_BLOCK_CAPTURE_AUTORELEASING = YES;
				CLANG_WARN_BOOL_CONVERSION = YES;
				CLANG_WARN_COMMA = YES;
				CLANG_WARN_CONSTANT_CONVERSION = YES;
				CLANG_WARN_DEPRECATED_OBJC_IMPLEMENTATIONS = YES;
				CLANG_WARN_DIRECT_OBJC_ISA_USAGE = YES_ERROR;
				CLANG_WARN_DOCUMENTATION_COMMENTS = YES;
				CLANG_WARN_EMPTY_BODY = YES;
				CLANG_WARN_ENUM_CONVERSION = YES;
				CLANG_WARN_INFINITE_RECURSION = YES;
				CLANG_WARN_INT_CONVERSION = YES;
				CLANG_WARN_NON_LITERAL_NULL_CONVERSION = YES;
				CLANG_WARN_OBJC_IMPLICIT_RETAIN_SELF = YES;
				CLANG_WARN_OBJC_LITERAL_CONVERSION = YES;
				CLANG_WARN_OBJC_ROOT_CLASS = YES_ERROR;
				CLANG_WARN_QUOTED_INCLUDE_IN_FRAMEWORK_HEADER = YES;
				CLANG_WARN_RANGE_LOOP_ANALYSIS = YES;
				CLANG_WARN_STRICT_PROTOTYPES = YES;
				CLANG_WARN_SUSPICIOUS_MOVE = YES;
				CLANG_WARN_UNGUARDED_AVAILABILITY = YES_AGGRESSIVE;
				CLANG_WARN_UNREACHABLE_CODE = YES;
				CLANG_WARN__DUPLICATE_METHOD_MATCH = YES;
				COPY_PHASE_STRIP = NO;
				DEBUG_INFORMATION_FORMAT = dwarf;
				ENABLE_STRICT_OBJC_MSGSEND = YES;
				ENABLE_TESTABILITY = YES;
				GCC_C_LANGUAGE_STANDARD = gnu11;
				GCC_DYNAMIC_NO_PIC = NO;
				GCC_NO_COMMON_BLOCKS = YES;
				GCC_OPTIMIZATION_LEVEL = 0;
				GCC_PREPROCESSOR_DEFINITIONS = (
					"DEBUG=1",
					"$(inherited)",
				);
				GCC_WARN_64_TO_32_BIT_CONVERSION = YES;
				GCC_WARN_ABOUT_RETURN_TYPE = YES_ERROR;
				GCC_WARN_UNDECLARED_SELECTOR = YES;
				GCC_WARN_UNINITIALIZED_AUTOS = YES_AGGRESSIVE;
				GCC_WARN_UNUSED_FUNCTION = YES;
				GCC_WARN_UNUSED_VARIABLE = YES;
				MTL_ENABLE_DEBUG_INFO = INCLUDE_SOURCE;
				MTL_FAST_MATH = YES;
				ONLY_ACTIVE_ARCH = YES;
				SWIFT_ACTIVE_COMPILATION_CONDITIONS = DEBUG;
				SWIFT_OPTIMIZATION_LEVEL = "-Onone";
			};
			name = Debug;
		};
		E33D510A27EDAB18005A5379 /* Release */ = {
			isa = XCBuildConfiguration;
			buildSettings = {
				ALWAYS_SEARCH_USER_PATHS = NO;
				CLANG_ANALYZER_NONNULL = YES;
				CLANG_ANALYZER_NUMBER_OBJECT_CONVERSION = YES_AGGRESSIVE;
				CLANG_CXX_LANGUAGE_STANDARD = "gnu++17";
				CLANG_ENABLE_MODULES = YES;
				CLANG_ENABLE_OBJC_ARC = YES;
				CLANG_ENABLE_OBJC_WEAK = YES;
				CLANG_WARN_BLOCK_CAPTURE_AUTORELEASING = YES;
				CLANG_WARN_BOOL_CONVERSION = YES;
				CLANG_WARN_COMMA = YES;
				CLANG_WARN_CONSTANT_CONVERSION = YES;
				CLANG_WARN_DEPRECATED_OBJC_IMPLEMENTATIONS = YES;
				CLANG_WARN_DIRECT_OBJC_ISA_USAGE = YES_ERROR;
				CLANG_WARN_DOCUMENTATION_COMMENTS = YES;
				CLANG_WARN_EMPTY_BODY = YES;
				CLANG_WARN_ENUM_CONVERSION = YES;
				CLANG_WARN_INFINITE_RECURSION = YES;
				CLANG_WARN_INT_CONVERSION = YES;
				CLANG_WARN_NON_LITERAL_NULL_CONVERSION = YES;
				CLANG_WARN_OBJC_IMPLICIT_RETAIN_SELF = YES;
				CLANG_WARN_OBJC_LITERAL_CONVERSION = YES;
				CLANG_WARN_OBJC_ROOT_CLASS = YES_ERROR;
				CLANG_WARN_QUOTED_INCLUDE_IN_FRAMEWORK_HEADER = YES;
				CLANG_WARN_RANGE_LOOP_ANALYSIS = YES;
				CLANG_WARN_STRICT_PROTOTYPES = YES;
				CLANG_WARN_SUSPICIOUS_MOVE = YES;
				CLANG_WARN_UNGUARDED_AVAILABILITY = YES_AGGRESSIVE;
				CLANG_WARN_UNREACHABLE_CODE = YES;
				CLANG_WARN__DUPLICATE_METHOD_MATCH = YES;
				COPY_PHASE_STRIP = NO;
				DEBUG_INFORMATION_FORMAT = "dwarf-with-dsym";
				ENABLE_NS_ASSERTIONS = NO;
				ENABLE_STRICT_OBJC_MSGSEND = YES;
				GCC_C_LANGUAGE_STANDARD = gnu11;
				GCC_NO_COMMON_BLOCKS = YES;
				GCC_WARN_64_TO_32_BIT_CONVERSION = YES;
				GCC_WARN_ABOUT_RETURN_TYPE = YES_ERROR;
				GCC_WARN_UNDECLARED_SELECTOR = YES;
				GCC_WARN_UNINITIALIZED_AUTOS = YES_AGGRESSIVE;
				GCC_WARN_UNUSED_FUNCTION = YES;
				GCC_WARN_UNUSED_VARIABLE = YES;
				MTL_ENABLE_DEBUG_INFO = NO;
				MTL_FAST_MATH = YES;
				SWIFT_COMPILATION_MODE = wholemodule;
				SWIFT_OPTIMIZATION_LEVEL = "-O";
			};
			name = Release;
		};
		E33D510C27EDAB18005A5379 /* Debug */ = {
			isa = XCBuildConfiguration;
			buildSettings = {
				ASSETCATALOG_COMPILER_APPICON_NAME = AppIcon;
				ASSETCATALOG_COMPILER_GLOBAL_ACCENT_COLOR_NAME = AccentColor;
				CODE_SIGN_STYLE = Automatic;
				CURRENT_PROJECT_VERSION = 1;
				DEVELOPMENT_TEAM = ZRZ8BS7EUF;
				ENABLE_PREVIEWS = YES;
				GENERATE_INFOPLIST_FILE = YES;
				INFOPLIST_KEY_NSCameraUsageDescription = "使用相机获取照片";
				INFOPLIST_KEY_NSFaceIDUsageDescription = "使用Face ID进行登录";
				INFOPLIST_KEY_NSPhotoLibraryUsageDescription = "访问相册获取照片";
				INFOPLIST_KEY_UIApplicationSceneManifest_Generation = YES;
				INFOPLIST_KEY_UIApplicationSupportsIndirectInputEvents = YES;
				INFOPLIST_KEY_UILaunchScreen_Generation = YES;
				INFOPLIST_KEY_UISupportedInterfaceOrientations_iPad = "UIInterfaceOrientationPortrait UIInterfaceOrientationPortraitUpsideDown UIInterfaceOrientationLandscapeLeft UIInterfaceOrientationLandscapeRight";
				INFOPLIST_KEY_UISupportedInterfaceOrientations_iPhone = "UIInterfaceOrientationPortrait UIInterfaceOrientationLandscapeLeft UIInterfaceOrientationLandscapeRight";
				IPHONEOS_DEPLOYMENT_TARGET = 15.4;
				LD_RUNPATH_SEARCH_PATHS = (
					"$(inherited)",
					"@executable_path/Frameworks",
				);
				MARKETING_VERSION = 1.0;
				PRODUCT_BUNDLE_IDENTIFIER = edu.ustb.ningma.HyperClient;
				PRODUCT_NAME = HyperClient;
				SDKROOT = iphoneos;
				SWIFT_EMIT_LOC_STRINGS = YES;
				SWIFT_VERSION = 5.0;
				TARGETED_DEVICE_FAMILY = "1,2";
			};
			name = Debug;
		};
		E33D510D27EDAB18005A5379 /* Release */ = {
			isa = XCBuildConfiguration;
			buildSettings = {
				ASSETCATALOG_COMPILER_APPICON_NAME = AppIcon;
				ASSETCATALOG_COMPILER_GLOBAL_ACCENT_COLOR_NAME = AccentColor;
				CODE_SIGN_STYLE = Automatic;
				CURRENT_PROJECT_VERSION = 1;
				DEVELOPMENT_TEAM = ZRZ8BS7EUF;
				ENABLE_PREVIEWS = YES;
				GENERATE_INFOPLIST_FILE = YES;
				INFOPLIST_KEY_NSCameraUsageDescription = "使用相机获取照片";
				INFOPLIST_KEY_NSFaceIDUsageDescription = "使用Face ID进行登录";
				INFOPLIST_KEY_NSPhotoLibraryUsageDescription = "访问相册获取照片";
				INFOPLIST_KEY_UIApplicationSceneManifest_Generation = YES;
				INFOPLIST_KEY_UIApplicationSupportsIndirectInputEvents = YES;
				INFOPLIST_KEY_UILaunchScreen_Generation = YES;
				INFOPLIST_KEY_UISupportedInterfaceOrientations_iPad = "UIInterfaceOrientationPortrait UIInterfaceOrientationPortraitUpsideDown UIInterfaceOrientationLandscapeLeft UIInterfaceOrientationLandscapeRight";
				INFOPLIST_KEY_UISupportedInterfaceOrientations_iPhone = "UIInterfaceOrientationPortrait UIInterfaceOrientationLandscapeLeft UIInterfaceOrientationLandscapeRight";
				IPHONEOS_DEPLOYMENT_TARGET = 15.4;
				LD_RUNPATH_SEARCH_PATHS = (
					"$(inherited)",
					"@executable_path/Frameworks",
				);
				MARKETING_VERSION = 1.0;
				PRODUCT_BUNDLE_IDENTIFIER = edu.ustb.ningma.HyperClient;
				PRODUCT_NAME = HyperClient;
				SDKROOT = iphoneos;
				SWIFT_EMIT_LOC_STRINGS = YES;
				SWIFT_VERSION = 5.0;
				TARGETED_DEVICE_FAMILY = "1,2";
				VALIDATE_PRODUCT = YES;
			};
			name = Release;
		};
		E33D510F27EDAB18005A5379 /* Debug */ = {
			isa = XCBuildConfiguration;
			buildSettings = {
				ASSETCATALOG_COMPILER_APPICON_NAME = AppIcon;
				ASSETCATALOG_COMPILER_GLOBAL_ACCENT_COLOR_NAME = AccentColor;
				CODE_SIGN_ENTITLEMENTS = macOS/macOS.entitlements;
				CODE_SIGN_STYLE = Automatic;
				COMBINE_HIDPI_IMAGES = YES;
				CURRENT_PROJECT_VERSION = 1;
				DEVELOPMENT_TEAM = ZRZ8BS7EUF;
				ENABLE_HARDENED_RUNTIME = YES;
				ENABLE_PREVIEWS = YES;
				GENERATE_INFOPLIST_FILE = YES;
				INFOPLIST_KEY_NSHumanReadableCopyright = "";
				LD_RUNPATH_SEARCH_PATHS = (
					"$(inherited)",
					"@executable_path/../Frameworks",
				);
				MACOSX_DEPLOYMENT_TARGET = 12.3;
				MARKETING_VERSION = 1.0;
				PRODUCT_BUNDLE_IDENTIFIER = edu.ustb.ningma.HyperClient;
				PRODUCT_NAME = HyperClient;
				SDKROOT = macosx;
				SWIFT_EMIT_LOC_STRINGS = YES;
				SWIFT_VERSION = 5.0;
			};
			name = Debug;
		};
		E33D511027EDAB18005A5379 /* Release */ = {
			isa = XCBuildConfiguration;
			buildSettings = {
				ASSETCATALOG_COMPILER_APPICON_NAME = AppIcon;
				ASSETCATALOG_COMPILER_GLOBAL_ACCENT_COLOR_NAME = AccentColor;
				CODE_SIGN_ENTITLEMENTS = macOS/macOS.entitlements;
				CODE_SIGN_STYLE = Automatic;
				COMBINE_HIDPI_IMAGES = YES;
				CURRENT_PROJECT_VERSION = 1;
				DEVELOPMENT_TEAM = ZRZ8BS7EUF;
				ENABLE_HARDENED_RUNTIME = YES;
				ENABLE_PREVIEWS = YES;
				GENERATE_INFOPLIST_FILE = YES;
				INFOPLIST_KEY_NSHumanReadableCopyright = "";
				LD_RUNPATH_SEARCH_PATHS = (
					"$(inherited)",
					"@executable_path/../Frameworks",
				);
				MACOSX_DEPLOYMENT_TARGET = 12.3;
				MARKETING_VERSION = 1.0;
				PRODUCT_BUNDLE_IDENTIFIER = edu.ustb.ningma.HyperClient;
				PRODUCT_NAME = HyperClient;
				SDKROOT = macosx;
				SWIFT_EMIT_LOC_STRINGS = YES;
				SWIFT_VERSION = 5.0;
			};
			name = Release;
		};
/* End XCBuildConfiguration section */

/* Begin XCConfigurationList section */
		E33D50F127EDAB18005A5379 /* Build configuration list for PBXProject "HyperClient" */ = {
			isa = XCConfigurationList;
			buildConfigurations = (
				E33D510927EDAB18005A5379 /* Debug */,
				E33D510A27EDAB18005A5379 /* Release */,
			);
			defaultConfigurationIsVisible = 0;
			defaultConfigurationName = Release;
		};
		E33D510B27EDAB18005A5379 /* Build configuration list for PBXNativeTarget "HyperClient (iOS)" */ = {
			isa = XCConfigurationList;
			buildConfigurations = (
				E33D510C27EDAB18005A5379 /* Debug */,
				E33D510D27EDAB18005A5379 /* Release */,
			);
			defaultConfigurationIsVisible = 0;
			defaultConfigurationName = Release;
		};
		E33D510E27EDAB18005A5379 /* Build configuration list for PBXNativeTarget "HyperClient (macOS)" */ = {
			isa = XCConfigurationList;
			buildConfigurations = (
				E33D510F27EDAB18005A5379 /* Debug */,
				E33D511027EDAB18005A5379 /* Release */,
			);
			defaultConfigurationIsVisible = 0;
			defaultConfigurationName = Release;
		};
/* End XCConfigurationList section */

/* Begin XCRemoteSwiftPackageReference section */
		E36528BB27F94A4E00EEF0E4 /* XCRemoteSwiftPackageReference "Alamofire" */ = {
			isa = XCRemoteSwiftPackageReference;
			repositoryURL = "https://github.com/Alamofire/Alamofire";
			requirement = {
				kind = upToNextMajorVersion;
				minimumVersion = 5.0.0;
			};
		};
		E36528BE27F94B7100EEF0E4 /* XCRemoteSwiftPackageReference "swift-log" */ = {
			isa = XCRemoteSwiftPackageReference;
			repositoryURL = "https://github.com/apple/swift-log";
			requirement = {
				kind = upToNextMajorVersion;
				minimumVersion = 1.0.0;
			};
		};
/* End XCRemoteSwiftPackageReference section */

/* Begin XCSwiftPackageProductDependency section */
		E36528BC27F94A4E00EEF0E4 /* Alamofire */ = {
			isa = XCSwiftPackageProductDependency;
			package = E36528BB27F94A4E00EEF0E4 /* XCRemoteSwiftPackageReference "Alamofire" */;
			productName = Alamofire;
		};
		E36528BF27F94B7100EEF0E4 /* Logging */ = {
			isa = XCSwiftPackageProductDependency;
			package = E36528BE27F94B7100EEF0E4 /* XCRemoteSwiftPackageReference "swift-log" */;
			productName = Logging;
		};
/* End XCSwiftPackageProductDependency section */
	};
	rootObject = E33D50EE27EDAB18005A5379 /* Project object */;
}
